<Solution>
  <Folder Name="/src/">
    <Project Path="src/PokerCoach.Domain/PokerCoach.Domain.csproj" />
    <Project Path="src/PokerCoach.Application/PokerCoach.Application.csproj" />
    <Project Path="src/PokerCoach.HandHistories/PokerCoach.HandHistories.csproj" />
    <Project Path="src/PokerCoach.Infrastructure/PokerCoach.Infrastructure.csproj" />
    <Project Path="src/PokerCoach.Api/PokerCoach.Api.csproj" />
  </Folder>
  <Folder Name="/tests/">
    <Project Path="tests/PokerCoach.ArchitectureTests/PokerCoach.ArchitectureTests.csproj" />
    <Project Path="tests/PokerCoach.Api.Tests/PokerCoach.Api.Tests.csproj" />
    <Project Path="tests/PokerCoach.Application.Tests/PokerCoach.Application.Tests.csproj" />
    <Project Path="tests/PokerCoach.HandHistories.Tests/PokerCoach.HandHistories.Tests.csproj" />
  </Folder>
  <Folder Name="/solution-items/">
    <File Path="Directory.Build.props" />
    <File Path="Directory.Packages.props" />
    <File Path="global.json" />
  </Folder>
</Solution>
